
Microsoft Visual Studio Solution File, Format Version 12.00
# Visual Studio Version 16
VisualStudioVersion = 16.0.31112.23
MinimumVisualStudioVersion = 10.0.40219.1
Project("{FAE04EC0-301F-11D3-BF4B-00C04F79EFBC}") = "CryptocurrencyMarket", "CryptocurrencyMarket\CryptocurrencyMarket.csproj", "{62FF1B1C-849C-445C-B888-160489E029F3}"
EndProject
Global
	GlobalSection(SolutionConfigurationPlatforms) = preSolution
		Debug|Any CPU = Debug|Any CPU
		Release|Any CPU = Release|Any CPU
	EndGlobalSection
	GlobalSection(ProjectConfigurationPlatforms) = postSolution
		{62FF1B1C-849C-445C-B888-160489E029F3}.Debug|Any CPU.ActiveCfg = Debug|Any CPU
		{62FF1B1C-849C-445C-B888-160489E029F3}.Debug|Any CPU.Build.0 = Debug|Any CPU
		{62FF1B1C-849C-445C-B888-160489E029F3}.Release|Any CPU.ActiveCfg = Release|Any CPU
		{62FF1B1C-849C-445C-B888-160489E029F3}.Release|Any CPU.Build.0 = Release|Any CPU
	EndGlobalSection
	GlobalSection(SolutionProperties) = preSolution
		HideSolutionNode = FALSE
	EndGlobalSection
	GlobalSection(ExtensibilityGlobals) = postSolution
		SolutionGuid = {715B7134-B7AC-4179-9F05-814523840FF4}
	EndGlobalSection
EndGlobal
